// !$*UTF8*$!
{
	archiveVersion = 1;
	classes = {
	};
	objectVersion = 50;
	objects = {

/* Begin PBXBuildFile section */
		8B2836B6262F66B90098A97A /* AppDelegate.swift in Sources */ = {isa = PBXBuildFile; fileRef = 8B2836B5262F66B90098A97A /* AppDelegate.swift */; };
		8B2836B8262F66B90098A97A /* SceneDelegate.swift in Sources */ = {isa = PBXBuildFile; fileRef = 8B2836B7262F66B90098A97A /* SceneDelegate.swift */; };
		8B2836BD262F66B90098A97A /* Main.storyboard in Resources */ = {isa = PBXBuildFile; fileRef = 8B2836BB262F66B90098A97A /* Main.storyboard */; };
		8B2836BF262F66B90098A97A /* Assets.xcassets in Resources */ = {isa = PBXBuildFile; fileRef = 8B2836BE262F66B90098A97A /* Assets.xcassets */; };
		8B2836C2262F66B90098A97A /* LaunchScreen.storyboard in Resources */ = {isa = PBXBuildFile; fileRef = 8B2836C0262F66B90098A97A /* LaunchScreen.storyboard */; };
		8B2836CD262F66B90098A97A /* JoboozeTests.swift in Sources */ = {isa = PBXBuildFile; fileRef = 8B2836CC262F66B90098A97A /* JoboozeTests.swift */; };
		8B2836D8262F66B90098A97A /* JoboozeUITests.swift in Sources */ = {isa = PBXBuildFile; fileRef = 8B2836D7262F66B90098A97A /* JoboozeUITests.swift */; };
		8B2836EF262F66FB0098A97A /* LoginViewController.swift in Sources */ = {isa = PBXBuildFile; fileRef = 8B2836EE262F66FB0098A97A /* LoginViewController.swift */; };
		8B2836F4262F67050098A97A /* SignUpViewController.swift in Sources */ = {isa = PBXBuildFile; fileRef = 8B2836F3262F67050098A97A /* SignUpViewController.swift */; };
		8B283703262F756B0098A97A /* DashboardViewController.swift in Sources */ = {isa = PBXBuildFile; fileRef = 8B283702262F756B0098A97A /* DashboardViewController.swift */; };
		8B28370B262F775E0098A97A /* ProfileViewController.swift in Sources */ = {isa = PBXBuildFile; fileRef = 8B28370A262F775E0098A97A /* ProfileViewController.swift */; };
		8B455308263738D80086AEAD /* NewEntryViewController.swift in Sources */ = {isa = PBXBuildFile; fileRef = 8B455307263738D80086AEAD /* NewEntryViewController.swift */; };
/* End PBXBuildFile section */

/* Begin PBXContainerItemProxy section */
		8B2836C9262F66B90098A97A /* PBXContainerItemProxy */ = {
			isa = PBXContainerItemProxy;
			containerPortal = 8B2836AA262F66B80098A97A /* Project object */;
			proxyType = 1;
			remoteGlobalIDString = 8B2836B1262F66B80098A97A;
			remoteInfo = Jobooze;
		};
		8B2836D4262F66B90098A97A /* PBXContainerItemProxy */ = {
			isa = PBXContainerItemProxy;
			containerPortal = 8B2836AA262F66B80098A97A /* Project object */;
			proxyType = 1;
			remoteGlobalIDString = 8B2836B1262F66B80098A97A;
			remoteInfo = Jobooze;
		};
/* End PBXContainerItemProxy section */

/* Begin PBXFileReference section */
		8B2836B2262F66B90098A97A /* Jobooze.app */ = {isa = PBXFileReference; explicitFileType = wrapper.application; includeInIndex = 0; path = Jobooze.app; sourceTree = BUILT_PRODUCTS_DIR; };
		8B2836B5262F66B90098A97A /* AppDelegate.swift */ = {isa = PBXFileReference; lastKnownFileType = sourcecode.swift; path = AppDelegate.swift; sourceTree = "<group>"; };
		8B2836B7262F66B90098A97A /* SceneDelegate.swift */ = {isa = PBXFileReference; lastKnownFileType = sourcecode.swift; path = SceneDelegate.swift; sourceTree = "<group>"; };
		8B2836BC262F66B90098A97A /* Base */ = {isa = PBXFileReference; lastKnownFileType = file.storyboard; name = Base; path = Base.lproj/Main.storyboard; sourceTree = "<group>"; };
		8B2836BE262F66B90098A97A /* Assets.xcassets */ = {isa = PBXFileReference; lastKnownFileType = folder.assetcatalog; path = Assets.xcassets; sourceTree = "<group>"; };
		8B2836C1262F66B90098A97A /* Base */ = {isa = PBXFileReference; lastKnownFileType = file.storyboard; name = Base; path = Base.lproj/LaunchScreen.storyboard; sourceTree = "<group>"; };
		8B2836C3262F66B90098A97A /* Info.plist */ = {isa = PBXFileReference; lastKnownFileType = text.plist.xml; path = Info.plist; sourceTree = "<group>"; };
		8B2836C8262F66B90098A97A /* JoboozeTests.xctest */ = {isa = PBXFileReference; explicitFileType = wrapper.cfbundle; includeInIndex = 0; path = JoboozeTests.xctest; sourceTree = BUILT_PRODUCTS_DIR; };
		8B2836CC262F66B90098A97A /* JoboozeTests.swift */ = {isa = PBXFileReference; lastKnownFileType = sourcecode.swift; path = JoboozeTests.swift; sourceTree = "<group>"; };
		8B2836CE262F66B90098A97A /* Info.plist */ = {isa = PBXFileReference; lastKnownFileType = text.plist.xml; path = Info.plist; sourceTree = "<group>"; };
		8B2836D3262F66B90098A97A /* JoboozeUITests.xctest */ = {isa = PBXFileReference; explicitFileType = wrapper.cfbundle; includeInIndex = 0; path = JoboozeUITests.xctest; sourceTree = BUILT_PRODUCTS_DIR; };
		8B2836D7262F66B90098A97A /* JoboozeUITests.swift */ = {isa = PBXFileReference; lastKnownFileType = sourcecode.swift; path = JoboozeUITests.swift; sourceTree = "<group>"; };
		8B2836D9262F66B90098A97A /* Info.plist */ = {isa = PBXFileReference; lastKnownFileType = text.plist.xml; path = Info.plist; sourceTree = "<group>"; };
		8B2836EE262F66FB0098A97A /* LoginViewController.swift */ = {isa = PBXFileReference; lastKnownFileType = sourcecode.swift; path = LoginViewController.swift; sourceTree = "<group>"; };
		8B2836F3262F67050098A97A /* SignUpViewController.swift */ = {isa = PBXFileReference; lastKnownFileType = sourcecode.swift; path = SignUpViewController.swift; sourceTree = "<group>"; };
		8B283702262F756B0098A97A /* DashboardViewController.swift */ = {isa = PBXFileReference; lastKnownFileType = sourcecode.swift; path = DashboardViewController.swift; sourceTree = "<group>"; };
		8B28370A262F775E0098A97A /* ProfileViewController.swift */ = {isa = PBXFileReference; lastKnownFileType = sourcecode.swift; path = ProfileViewController.swift; sourceTree = "<group>"; };
		8B455307263738D80086AEAD /* NewEntryViewController.swift */ = {isa = PBXFileReference; lastKnownFileType = sourcecode.swift; path = NewEntryViewController.swift; sourceTree = "<group>"; };
/* End PBXFileReference section */

/* Begin PBXFrameworksBuildPhase section */
		8B2836AF262F66B80098A97A /* Frameworks */ = {
			isa = PBXFrameworksBuildPhase;
			buildActionMask = 2147483647;
			files = (
			);
			runOnlyForDeploymentPostprocessing = 0;
		};
		8B2836C5262F66B90098A97A /* Frameworks */ = {
			isa = PBXFrameworksBuildPhase;
			buildActionMask = 2147483647;
			files = (
			);
			runOnlyForDeploymentPostprocessing = 0;
		};
		8B2836D0262F66B90098A97A /* Frameworks */ = {
			isa = PBXFrameworksBuildPhase;
			buildActionMask = 2147483647;
			files = (
			);
			runOnlyForDeploymentPostprocessing = 0;
		};
/* End PBXFrameworksBuildPhase section */

/* Begin PBXGroup section */
		8B2836A9262F66B80098A97A = {
			isa = PBXGroup;
			children = (
				8B2836B4262F66B90098A97A /* Jobooze */,
				8B2836CB262F66B90098A97A /* JoboozeTests */,
				8B2836D6262F66B90098A97A /* JoboozeUITests */,
				8B2836B3262F66B90098A97A /* Products */,
			);
			sourceTree = "<group>";
		};
		8B2836B3262F66B90098A97A /* Products */ = {
			isa = PBXGroup;
			children = (
				8B2836B2262F66B90098A97A /* Jobooze.app */,
				8B2836C8262F66B90098A97A /* JoboozeTests.xctest */,
				8B2836D3262F66B90098A97A /* JoboozeUITests.xctest */,
			);
			name = Products;
			sourceTree = "<group>";
		};
		8B2836B4262F66B90098A97A /* Jobooze */ = {
			isa = PBXGroup;
			children = (
				8B2836B5262F66B90098A97A /* AppDelegate.swift */,
				8B2836B7262F66B90098A97A /* SceneDelegate.swift */,
				8B2836EE262F66FB0098A97A /* LoginViewController.swift */,
				8B2836F3262F67050098A97A /* SignUpViewController.swift */,
				8B283702262F756B0098A97A /* DashboardViewController.swift */,
				8B28370A262F775E0098A97A /* ProfileViewController.swift */,
				8B455307263738D80086AEAD /* NewEntryViewController.swift */,
				8B2836BB262F66B90098A97A /* Main.storyboard */,
				8B2836BE262F66B90098A97A /* Assets.xcassets */,
				8B2836C0262F66B90098A97A /* LaunchScreen.storyboard */,
				8B2836C3262F66B90098A97A /* Info.plist */,
			);
			path = Jobooze;
			sourceTree = "<group>";
		};
		8B2836CB262F66B90098A97A /* JoboozeTests */ = {
			isa = PBXGroup;
			children = (
				8B2836CC262F66B90098A97A /* JoboozeTests.swift */,
				8B2836CE262F66B90098A97A /* Info.plist */,
			);
			path = JoboozeTests;
			sourceTree = "<group>";
		};
		8B2836D6262F66B90098A97A /* JoboozeUITests */ = {
			isa = PBXGroup;
			children = (
				8B2836D7262F66B90098A97A /* JoboozeUITests.swift */,
				8B2836D9262F66B90098A97A /* Info.plist */,
			);
			path = JoboozeUITests;
			sourceTree = "<group>";
		};
/* End PBXGroup section */

/* Begin PBXNativeTarget section */
		8B2836B1262F66B80098A97A /* Jobooze */ = {
			isa = PBXNativeTarget;
			buildConfigurationList = 8B2836DC262F66B90098A97A /* Build configuration list for PBXNativeTarget "Jobooze" */;
			buildPhases = (
				8B2836AE262F66B80098A97A /* Sources */,
				8B2836AF262F66B80098A97A /* Frameworks */,
				8B2836B0262F66B80098A97A /* Resources */,
			);
			buildRules = (
			);
			dependencies = (
			);
			name = Jobooze;
			productName = Jobooze;
			productReference = 8B2836B2262F66B90098A97A /* Jobooze.app */;
			productType = "com.apple.product-type.application";
		};
		8B2836C7262F66B90098A97A /* JoboozeTests */ = {
			isa = PBXNativeTarget;
			buildConfigurationList = 8B2836DF262F66B90098A97A /* Build configuration list for PBXNativeTarget "JoboozeTests" */;
			buildPhases = (
				8B2836C4262F66B90098A97A /* Sources */,
				8B2836C5262F66B90098A97A /* Frameworks */,
				8B2836C6262F66B90098A97A /* Resources */,
			);
			buildRules = (
			);
			dependencies = (
				8B2836CA262F66B90098A97A /* PBXTargetDependency */,
			);
			name = JoboozeTests;
			productName = JoboozeTests;
			productReference = 8B2836C8262F66B90098A97A /* JoboozeTests.xctest */;
			productType = "com.apple.product-type.bundle.unit-test";
		};
		8B2836D2262F66B90098A97A /* JoboozeUITests */ = {
			isa = PBXNativeTarget;
			buildConfigurationList = 8B2836E2262F66B90098A97A /* Build configuration list for PBXNativeTarget "JoboozeUITests" */;
			buildPhases = (
				8B2836CF262F66B90098A97A /* Sources */,
				8B2836D0262F66B90098A97A /* Frameworks */,
				8B2836D1262F66B90098A97A /* Resources */,
			);
			buildRules = (
			);
			dependencies = (
				8B2836D5262F66B90098A97A /* PBXTargetDependency */,
			);
			name = JoboozeUITests;
			productName = JoboozeUITests;
			productReference = 8B2836D3262F66B90098A97A /* JoboozeUITests.xctest */;
			productType = "com.apple.product-type.bundle.ui-testing";
		};
/* End PBXNativeTarget section */

/* Begin PBXProject section */
		8B2836AA262F66B80098A97A /* Project object */ = {
			isa = PBXProject;
			attributes = {
				LastSwiftUpdateCheck = 1240;
				LastUpgradeCheck = 1240;
				TargetAttributes = {
					8B2836B1262F66B80098A97A = {
						CreatedOnToolsVersion = 12.4;
					};
					8B2836C7262F66B90098A97A = {
						CreatedOnToolsVersion = 12.4;
						TestTargetID = 8B2836B1262F66B80098A97A;
					};
					8B2836D2262F66B90098A97A = {
						CreatedOnToolsVersion = 12.4;
						TestTargetID = 8B2836B1262F66B80098A97A;
					};
				};
			};
			buildConfigurationList = 8B2836AD262F66B80098A97A /* Build configuration list for PBXProject "Jobooze" */;
			compatibilityVersion = "Xcode 9.3";
			developmentRegion = en;
			hasScannedForEncodings = 0;
			knownRegions = (
				en,
				Base,
			);
			mainGroup = 8B2836A9262F66B80098A97A;
			productRefGroup = 8B2836B3262F66B90098A97A /* Products */;
			projectDirPath = "";
			projectRoot = "";
			targets = (
				8B2836B1262F66B80098A97A /* Jobooze */,
				8B2836C7262F66B90098A97A /* JoboozeTests */,
				8B2836D2262F66B90098A97A /* JoboozeUITests */,
			);
		};
/* End PBXProject section */

/* Begin PBXResourcesBuildPhase section */
		8B2836B0262F66B80098A97A /* Resources */ = {
			isa = PBXResourcesBuildPhase;
			buildActionMask = 2147483647;
			files = (
				8B2836C2262F66B90098A97A /* LaunchScreen.storyboard in Resources */,
				8B2836BF262F66B90098A97A /* Assets.xcassets in Resources */,
				8B2836BD262F66B90098A97A /* Main.storyboard in Resources */,
			);
			runOnlyForDeploymentPostprocessing = 0;
		};
		8B2836C6262F66B90098A97A /* Resources */ = {
			isa = PBXResourcesBuildPhase;
			buildActionMask = 2147483647;
			files = (
			);
			runOnlyForDeploymentPostprocessing = 0;
		};
		8B2836D1262F66B90098A97A /* Resources */ = {
			isa = PBXResourcesBuildPhase;
			buildActionMask = 2147483647;
			files = (
			);
			runOnlyForDeploymentPostprocessing = 0;
		};
/* End PBXResourcesBuildPhase section */

/* Begin PBXSourcesBuildPhase section */
		8B2836AE262F66B80098A97A /* Sources */ = {
			isa = PBXSourcesBuildPhase;
			buildActionMask = 2147483647;
			files = (
				8B28370B262F775E0098A97A /* ProfileViewController.swift in Sources */,
				8B2836EF262F66FB0098A97A /* LoginViewController.swift in Sources */,
				8B2836B6262F66B90098A97A /* AppDelegate.swift in Sources */,
				8B283703262F756B0098A97A /* DashboardViewController.swift in Sources */,
				8B2836F4262F67050098A97A /* SignUpViewController.swift in Sources */,
				8B455308263738D80086AEAD /* NewEntryViewController.swift in Sources */,
				8B2836B8262F66B90098A97A /* SceneDelegate.swift in Sources */,
			);
			runOnlyForDeploymentPostprocessing = 0;
		};
		8B2836C4262F66B90098A97A /* Sources */ = {
			isa = PBXSourcesBuildPhase;
			buildActionMask = 2147483647;
			files = (
				8B2836CD262F66B90098A97A /* JoboozeTests.swift in Sources */,
			);
			runOnlyForDeploymentPostprocessing = 0;
		};
		8B2836CF262F66B90098A97A /* Sources */ = {
			isa = PBXSourcesBuildPhase;
			buildActionMask = 2147483647;
			files = (
				8B2836D8262F66B90098A97A /* JoboozeUITests.swift in Sources */,
			);
			runOnlyForDeploymentPostprocessing = 0;
		};
/* End PBXSourcesBuildPhase section */

/* Begin PBXTargetDependency section */
		8B2836CA262F66B90098A97A /* PBXTargetDependency */ = {
			isa = PBXTargetDependency;
			target = 8B2836B1262F66B80098A97A /* Jobooze */;
			targetProxy = 8B2836C9262F66B90098A97A /* PBXContainerItemProxy */;
		};
		8B2836D5262F66B90098A97A /* PBXTargetDependency */ = {
			isa = PBXTargetDependency;
			target = 8B2836B1262F66B80098A97A /* Jobooze */;
			targetProxy = 8B2836D4262F66B90098A97A /* PBXContainerItemProxy */;
		};
/* End PBXTargetDependency section */

/* Begin PBXVariantGroup section */
		8B2836BB262F66B90098A97A /* Main.storyboard */ = {
			isa = PBXVariantGroup;
			children = (
				8B2836BC262F66B90098A97A /* Base */,
			);
			name = Main.storyboard;
			sourceTree = "<group>";
		};
		8B2836C0262F66B90098A97A /* LaunchScreen.storyboard */ = {
			isa = PBXVariantGroup;
			children = (
				8B2836C1262F66B90098A97A /* Base */,
			);
			name = LaunchScreen.storyboard;
			sourceTree = "<group>";
		};
/* End PBXVariantGroup section */

/* Begin XCBuildConfiguration section */
		8B2836DA262F66B90098A97A /* Debug */ = {
			isa = XCBuildConfiguration;
			buildSettings = {
				ALWAYS_SEARCH_USER_PATHS = NO;
				CLANG_ANALYZER_NONNULL = YES;
				CLANG_ANALYZER_NUMBER_OBJECT_CONVERSION = YES_AGGRESSIVE;
				CLANG_CXX_LANGUAGE_STANDARD = "gnu++14";
				CLANG_CXX_LIBRARY = "libc++";
				CLANG_ENABLE_MODULES = YES;
				CLANG_ENABLE_OBJC_ARC = YES;
				CLANG_ENABLE_OBJC_WEAK = YES;
				CLANG_WARN_BLOCK_CAPTURE_AUTORELEASING = YES;
				CLANG_WARN_BOOL_CONVERSION = YES;
				CLANG_WARN_COMMA = YES;
				CLANG_WARN_CONSTANT_CONVERSION = YES;
				CLANG_WARN_DEPRECATED_OBJC_IMPLEMENTATIONS = YES;
				CLANG_WARN_DIRECT_OBJC_ISA_USAGE = YES_ERROR;
				CLANG_WARN_DOCUMENTATION_COMMENTS = YES;
				CLANG_WARN_EMPTY_BODY = YES;
				CLANG_WARN_ENUM_CONVERSION = YES;
				CLANG_WARN_INFINITE_RECURSION = YES;
				CLANG_WARN_INT_CONVERSION = YES;
				CLANG_WARN_NON_LITERAL_NULL_CONVERSION = YES;
				CLANG_WARN_OBJC_IMPLICIT_RETAIN_SELF = YES;
				CLANG_WARN_OBJC_LITERAL_CONVERSION = YES;
				CLANG_WARN_OBJC_ROOT_CLASS = YES_ERROR;
				CLANG_WARN_QUOTED_INCLUDE_IN_FRAMEWORK_HEADER = YES;
				CLANG_WARN_RANGE_LOOP_ANALYSIS = YES;
				CLANG_WARN_STRICT_PROTOTYPES = YES;
				CLANG_WARN_SUSPICIOUS_MOVE = YES;
				CLANG_WARN_UNGUARDED_AVAILABILITY = YES_AGGRESSIVE;
				CLANG_WARN_UNREACHABLE_CODE = YES;
				CLANG_WARN__DUPLICATE_METHOD_MATCH = YES;
				COPY_PHASE_STRIP = NO;
				DEBUG_INFORMATION_FORMAT = dwarf;
				ENABLE_STRICT_OBJC_MSGSEND = YES;
				ENABLE_TESTABILITY = YES;
				GCC_C_LANGUAGE_STANDARD = gnu11;
				GCC_DYNAMIC_NO_PIC = NO;
				GCC_NO_COMMON_BLOCKS = YES;
				GCC_OPTIMIZATION_LEVEL = 0;
				GCC_PREPROCESSOR_DEFINITIONS = (
					"DEBUG=1",
					"$(inherited)",
				);
				GCC_WARN_64_TO_32_BIT_CONVERSION = YES;
				GCC_WARN_ABOUT_RETURN_TYPE = YES_ERROR;
				GCC_WARN_UNDECLARED_SELECTOR = YES;
				GCC_WARN_UNINITIALIZED_AUTOS = YES_AGGRESSIVE;
				GCC_WARN_UNUSED_FUNCTION = YES;
				GCC_WARN_UNUSED_VARIABLE = YES;
				IPHONEOS_DEPLOYMENT_TARGET = 14.4;
				MTL_ENABLE_DEBUG_INFO = INCLUDE_SOURCE;
				MTL_FAST_MATH = YES;
				ONLY_ACTIVE_ARCH = YES;
				SDKROOT = iphoneos;
				SWIFT_ACTIVE_COMPILATION_CONDITIONS = DEBUG;
				SWIFT_OPTIMIZATION_LEVEL = "-Onone";
			};
			name = Debug;
		};
		8B2836DB262F66B90098A97A /* Release */ = {
			isa = XCBuildConfiguration;
			buildSettings = {
				ALWAYS_SEARCH_USER_PATHS = NO;
				CLANG_ANALYZER_NONNULL = YES;
				CLANG_ANALYZER_NUMBER_OBJECT_CONVERSION = YES_AGGRESSIVE;
				CLANG_CXX_LANGUAGE_STANDARD = "gnu++14";
				CLANG_CXX_LIBRARY = "libc++";
				CLANG_ENABLE_MODULES = YES;
				CLANG_ENABLE_OBJC_ARC = YES;
				CLANG_ENABLE_OBJC_WEAK = YES;
				CLANG_WARN_BLOCK_CAPTURE_AUTORELEASING = YES;
				CLANG_WARN_BOOL_CONVERSION = YES;
				CLANG_WARN_COMMA = YES;
				CLANG_WARN_CONSTANT_CONVERSION = YES;
				CLANG_WARN_DEPRECATED_OBJC_IMPLEMENTATIONS = YES;
				CLANG_WARN_DIRECT_OBJC_ISA_USAGE = YES_ERROR;
				CLANG_WARN_DOCUMENTATION_COMMENTS = YES;
				CLANG_WARN_EMPTY_BODY = YES;
				CLANG_WARN_ENUM_CONVERSION = YES;
				CLANG_WARN_INFINITE_RECURSION = YES;
				CLANG_WARN_INT_CONVERSION = YES;
				CLANG_WARN_NON_LITERAL_NULL_CONVERSION = YES;
				CLANG_WARN_OBJC_IMPLICIT_RETAIN_SELF = YES;
				CLANG_WARN_OBJC_LITERAL_CONVERSION = YES;
				CLANG_WARN_OBJC_ROOT_CLASS = YES_ERROR;
				CLANG_WARN_QUOTED_INCLUDE_IN_FRAMEWORK_HEADER = YES;
				CLANG_WARN_RANGE_LOOP_ANALYSIS = YES;
				CLANG_WARN_STRICT_PROTOTYPES = YES;
				CLANG_WARN_SUSPICIOUS_MOVE = YES;
				CLANG_WARN_UNGUARDED_AVAILABILITY = YES_AGGRESSIVE;
				CLANG_WARN_UNREACHABLE_CODE = YES;
				CLANG_WARN__DUPLICATE_METHOD_MATCH = YES;
				COPY_PHASE_STRIP = NO;
				DEBUG_INFORMATION_FORMAT = "dwarf-with-dsym";
				ENABLE_NS_ASSERTIONS = NO;
				ENABLE_STRICT_OBJC_MSGSEND = YES;
				GCC_C_LANGUAGE_STANDARD = gnu11;
				GCC_NO_COMMON_BLOCKS = YES;
				GCC_WARN_64_TO_32_BIT_CONVERSION = YES;
				GCC_WARN_ABOUT_RETURN_TYPE = YES_ERROR;
				GCC_WARN_UNDECLARED_SELECTOR = YES;
				GCC_WARN_UNINITIALIZED_AUTOS = YES_AGGRESSIVE;
				GCC_WARN_UNUSED_FUNCTION = YES;
				GCC_WARN_UNUSED_VARIABLE = YES;
				IPHONEOS_DEPLOYMENT_TARGET = 14.4;
				MTL_ENABLE_DEBUG_INFO = NO;
				MTL_FAST_MATH = YES;
				SDKROOT = iphoneos;
				SWIFT_COMPILATION_MODE = wholemodule;
				SWIFT_OPTIMIZATION_LEVEL = "-O";
				VALIDATE_PRODUCT = YES;
			};
			name = Release;
		};
		8B2836DD262F66B90098A97A /* Debug */ = {
			isa = XCBuildConfiguration;
			buildSettings = {
				ASSETCATALOG_COMPILER_APPICON_NAME = AppIcon;
				ASSETCATALOG_COMPILER_GLOBAL_ACCENT_COLOR_NAME = AccentColor;
				CODE_SIGN_STYLE = Automatic;
				DEVELOPMENT_TEAM = 92CYMJ7RBT;
				INFOPLIST_FILE = Jobooze/Info.plist;
				LD_RUNPATH_SEARCH_PATHS = (
					"$(inherited)",
					"@executable_path/Frameworks",
				);
				PRODUCT_BUNDLE_IDENTIFIER = "CodePath-iOSUniversity-Spring2021.Jobooze";
				PRODUCT_NAME = "$(TARGET_NAME)";
				SWIFT_VERSION = 5.0;
				TARGETED_DEVICE_FAMILY = "1,2";
			};
			name = Debug;
		};
		8B2836DE262F66B90098A97A /* Release */ = {
			isa = XCBuildConfiguration;
			buildSettings = {
				ASSETCATALOG_COMPILER_APPICON_NAME = AppIcon;
				ASSETCATALOG_COMPILER_GLOBAL_ACCENT_COLOR_NAME = AccentColor;
				CODE_SIGN_STYLE = Automatic;
				DEVELOPMENT_TEAM = 92CYMJ7RBT;
				INFOPLIST_FILE = Jobooze/Info.plist;
				LD_RUNPATH_SEARCH_PATHS = (
					"$(inherited)",
					"@executable_path/Frameworks",
				);
				PRODUCT_BUNDLE_IDENTIFIER = "CodePath-iOSUniversity-Spring2021.Jobooze";
				PRODUCT_NAME = "$(TARGET_NAME)";
				SWIFT_VERSION = 5.0;
				TARGETED_DEVICE_FAMILY = "1,2";
			};
			name = Release;
		};
		8B2836E0262F66B90098A97A /* Debug */ = {
			isa = XCBuildConfiguration;
			buildSettings = {
				ALWAYS_EMBED_SWIFT_STANDARD_LIBRARIES = YES;
				BUNDLE_LOADER = "$(TEST_HOST)";
				CODE_SIGN_STYLE = Automatic;
				INFOPLIST_FILE = JoboozeTests/Info.plist;
				IPHONEOS_DEPLOYMENT_TARGET = 14.4;
				LD_RUNPATH_SEARCH_PATHS = (
					"$(inherited)",
					"@executable_path/Frameworks",
					"@loader_path/Frameworks",
				);
				PRODUCT_BUNDLE_IDENTIFIER = "CodePath-iOSUniversity-Spring2021.JoboozeTests";
				PRODUCT_NAME = "$(TARGET_NAME)";
				SWIFT_VERSION = 5.0;
				TARGETED_DEVICE_FAMILY = "1,2";
				TEST_HOST = "$(BUILT_PRODUCTS_DIR)/Jobooze.app/Jobooze";
			};
			name = Debug;
		};
		8B2836E1262F66B90098A97A /* Release */ = {
			isa = XCBuildConfiguration;
			buildSettings = {
				ALWAYS_EMBED_SWIFT_STANDARD_LIBRARIES = YES;
				BUNDLE_LOADER = "$(TEST_HOST)";
				CODE_SIGN_STYLE = Automatic;
				INFOPLIST_FILE = JoboozeTests/Info.plist;
				IPHONEOS_DEPLOYMENT_TARGET = 14.4;
				LD_RUNPATH_SEARCH_PATHS = (
					"$(inherited)",
					"@executable_path/Frameworks",
					"@loader_path/Frameworks",
				);
				PRODUCT_BUNDLE_IDENTIFIER = "CodePath-iOSUniversity-Spring2021.JoboozeTests";
				PRODUCT_NAME = "$(TARGET_NAME)";
				SWIFT_VERSION = 5.0;
				TARGETED_DEVICE_FAMILY = "1,2";
				TEST_HOST = "$(BUILT_PRODUCTS_DIR)/Jobooze.app/Jobooze";
			};
			name = Release;
		};
		8B2836E3262F66B90098A97A /* Debug */ = {
			isa = XCBuildConfiguration;
			buildSettings = {
				ALWAYS_EMBED_SWIFT_STANDARD_LIBRARIES = YES;
				CODE_SIGN_STYLE = Automatic;
				INFOPLIST_FILE = JoboozeUITests/Info.plist;
				LD_RUNPATH_SEARCH_PATHS = (
					"$(inherited)",
					"@executable_path/Frameworks",
					"@loader_path/Frameworks",
				);
				PRODUCT_BUNDLE_IDENTIFIER = "CodePath-iOSUniversity-Spring2021.JoboozeUITests";
				PRODUCT_NAME = "$(TARGET_NAME)";
				SWIFT_VERSION = 5.0;
				TARGETED_DEVICE_FAMILY = "1,2";
				TEST_TARGET_NAME = Jobooze;
			};
			name = Debug;
		};
		8B2836E4262F66B90098A97A /* Release */ = {
			isa = XCBuildConfiguration;
			buildSettings = {
				ALWAYS_EMBED_SWIFT_STANDARD_LIBRARIES = YES;
				CODE_SIGN_STYLE = Automatic;
				INFOPLIST_FILE = JoboozeUITests/Info.plist;
				LD_RUNPATH_SEARCH_PATHS = (
					"$(inherited)",
					"@executable_path/Frameworks",
					"@loader_path/Frameworks",
				);
				PRODUCT_BUNDLE_IDENTIFIER = "CodePath-iOSUniversity-Spring2021.JoboozeUITests";
				PRODUCT_NAME = "$(TARGET_NAME)";
				SWIFT_VERSION = 5.0;
				TARGETED_DEVICE_FAMILY = "1,2";
				TEST_TARGET_NAME = Jobooze;
			};
			name = Release;
		};
/* End XCBuildConfiguration section */

/* Begin XCConfigurationList section */
		8B2836AD262F66B80098A97A /* Build configuration list for PBXProject "Jobooze" */ = {
			isa = XCConfigurationList;
			buildConfigurations = (
				8B2836DA262F66B90098A97A /* Debug */,
				8B2836DB262F66B90098A97A /* Release */,
			);
			defaultConfigurationIsVisible = 0;
			defaultConfigurationName = Release;
		};
		8B2836DC262F66B90098A97A /* Build configuration list for PBXNativeTarget "Jobooze" */ = {
			isa = XCConfigurationList;
			buildConfigurations = (
				8B2836DD262F66B90098A97A /* Debug */,
				8B2836DE262F66B90098A97A /* Release */,
			);
			defaultConfigurationIsVisible = 0;
			defaultConfigurationName = Release;
		};
		8B2836DF262F66B90098A97A /* Build configuration list for PBXNativeTarget "JoboozeTests" */ = {
			isa = XCConfigurationList;
			buildConfigurations = (
				8B2836E0262F66B90098A97A /* Debug */,
				8B2836E1262F66B90098A97A /* Release */,
			);
			defaultConfigurationIsVisible = 0;
			defaultConfigurationName = Release;
		};
		8B2836E2262F66B90098A97A /* Build configuration list for PBXNativeTarget "JoboozeUITests" */ = {
			isa = XCConfigurationList;
			buildConfigurations = (
				8B2836E3262F66B90098A97A /* Debug */,
				8B2836E4262F66B90098A97A /* Release */,
			);
			defaultConfigurationIsVisible = 0;
			defaultConfigurationName = Release;
		};
/* End XCConfigurationList section */
	};
	rootObject = 8B2836AA262F66B80098A97A /* Project object */;
}
